// !$*UTF8*$!
{
	archiveVersion = 1;
	classes = {
	};
	objectVersion = 50;
	objects = {

/* Begin PBXBuildFile section */
		AF8AE1352520C13500F6E6FE /* AppDelegate.swift in Sources */ = {isa = PBXBuildFile; fileRef = AF8AE1342520C13500F6E6FE /* AppDelegate.swift */; };
		AF8AE1372520C13500F6E6FE /* SceneDelegate.swift in Sources */ = {isa = PBXBuildFile; fileRef = AF8AE1362520C13500F6E6FE /* SceneDelegate.swift */; };
		AF8AE1392520C13500F6E6FE /* ViewController.swift in Sources */ = {isa = PBXBuildFile; fileRef = AF8AE1382520C13500F6E6FE /* ViewController.swift */; };
		AF8AE13C2520C13500F6E6FE /* Main.storyboard in Resources */ = {isa = PBXBuildFile; fileRef = AF8AE13A2520C13500F6E6FE /* Main.storyboard */; };
		AF8AE13E2520C13A00F6E6FE /* Assets.xcassets in Resources */ = {isa = PBXBuildFile; fileRef = AF8AE13D2520C13A00F6E6FE /* Assets.xcassets */; };
		AF8AE1412520C13A00F6E6FE /* LaunchScreen.storyboard in Resources */ = {isa = PBXBuildFile; fileRef = AF8AE13F2520C13A00F6E6FE /* LaunchScreen.storyboard */; };
/* End PBXBuildFile section */

/* Begin PBXFileReference section */
		AF8AE1312520C13500F6E6FE /* WidgetKitSample.app */ = {isa = PBXFileReference; explicitFileType = wrapper.application; includeInIndex = 0; path = WidgetKitSample.app; sourceTree = BUILT_PRODUCTS_DIR; };
		AF8AE1342520C13500F6E6FE /* AppDelegate.swift */ = {isa = PBXFileReference; lastKnownFileType = sourcecode.swift; path = AppDelegate.swift; sourceTree = "<group>"; };
		AF8AE1362520C13500F6E6FE /* SceneDelegate.swift */ = {isa = PBXFileReference; lastKnownFileType = sourcecode.swift; path = SceneDelegate.swift; sourceTree = "<group>"; };
		AF8AE1382520C13500F6E6FE /* ViewController.swift */ = {isa = PBXFileReference; lastKnownFileType = sourcecode.swift; path = ViewController.swift; sourceTree = "<group>"; };
		AF8AE13B2520C13500F6E6FE /* Base */ = {isa = PBXFileReference; lastKnownFileType = file.storyboard; name = Base; path = Base.lproj/Main.storyboard; sourceTree = "<group>"; };
		AF8AE13D2520C13A00F6E6FE /* Assets.xcassets */ = {isa = PBXFileReference; lastKnownFileType = folder.assetcatalog; path = Assets.xcassets; sourceTree = "<group>"; };
		AF8AE1402520C13A00F6E6FE /* Base */ = {isa = PBXFileReference; lastKnownFileType = file.storyboard; name = Base; path = Base.lproj/LaunchScreen.storyboard; sourceTree = "<group>"; };
		AF8AE1422520C13A00F6E6FE /* Info.plist */ = {isa = PBXFileReference; lastKnownFileType = text.plist.xml; path = Info.plist; sourceTree = "<group>"; };
/* End PBXFileReference section */

/* Begin PBXFrameworksBuildPhase section */
		AF8AE12E2520C13500F6E6FE /* Frameworks */ = {
			isa = PBXFrameworksBuildPhase;
			buildActionMask = 2147483647;
			files = (
			);
			runOnlyForDeploymentPostprocessing = 0;
		};
/* End PBXFrameworksBuildPhase section */

/* Begin PBXGroup section */
		AF8AE1282520C13500F6E6FE = {
			isa = PBXGroup;
			children = (
				AF8AE1332520C13500F6E6FE /* WidgetKitSample */,
				AF8AE1322520C13500F6E6FE /* Products */,
			);
			sourceTree = "<group>";
		};
		AF8AE1322520C13500F6E6FE /* Products */ = {
			isa = PBXGroup;
			children = (
				AF8AE1312520C13500F6E6FE /* WidgetKitSample.app */,
			);
			name = Products;
			sourceTree = "<group>";
		};
		AF8AE1332520C13500F6E6FE /* WidgetKitSample */ = {
			isa = PBXGroup;
			children = (
				AF8AE1342520C13500F6E6FE /* AppDelegate.swift */,
				AF8AE1362520C13500F6E6FE /* SceneDelegate.swift */,
				AF8AE1382520C13500F6E6FE /* ViewController.swift */,
				AF8AE13A2520C13500F6E6FE /* Main.storyboard */,
				AF8AE13D2520C13A00F6E6FE /* Assets.xcassets */,
				AF8AE13F2520C13A00F6E6FE /* LaunchScreen.storyboard */,
				AF8AE1422520C13A00F6E6FE /* Info.plist */,
			);
			path = WidgetKitSample;
			sourceTree = "<group>";
		};
/* End PBXGroup section */

/* Begin PBXNativeTarget section */
		AF8AE1302520C13500F6E6FE /* WidgetKitSample */ = {
			isa = PBXNativeTarget;
			buildConfigurationList = AF8AE1452520C13A00F6E6FE /* Build configuration list for PBXNativeTarget "WidgetKitSample" */;
			buildPhases = (
				AF8AE12D2520C13500F6E6FE /* Sources */,
				AF8AE12E2520C13500F6E6FE /* Frameworks */,
				AF8AE12F2520C13500F6E6FE /* Resources */,
			);
			buildRules = (
			);
			dependencies = (
			);
			name = WidgetKitSample;
			productName = WidgetKitSample;
			productReference = AF8AE1312520C13500F6E6FE /* WidgetKitSample.app */;
			productType = "com.apple.product-type.application";
		};
/* End PBXNativeTarget section */

/* Begin PBXProject section */
		AF8AE1292520C13500F6E6FE /* Project object */ = {
			isa = PBXProject;
			attributes = {
				LastSwiftUpdateCheck = 1220;
				LastUpgradeCheck = 1220;
				TargetAttributes = {
					AF8AE1302520C13500F6E6FE = {
						CreatedOnToolsVersion = 12.2;
					};
				};
			};
			buildConfigurationList = AF8AE12C2520C13500F6E6FE /* Build configuration list for PBXProject "WidgetKitSample" */;
			compatibilityVersion = "Xcode 9.3";
			developmentRegion = en;
			hasScannedForEncodings = 0;
			knownRegions = (
				en,
				Base,
			);
			mainGroup = AF8AE1282520C13500F6E6FE;
			productRefGroup = AF8AE1322520C13500F6E6FE /* Products */;
			projectDirPath = "";
			projectRoot = "";
			targets = (
				AF8AE1302520C13500F6E6FE /* WidgetKitSample */,
			);
		};
/* End PBXProject section */

/* Begin PBXResourcesBuildPhase section */
		AF8AE12F2520C13500F6E6FE /* Resources */ = {
			isa = PBXResourcesBuildPhase;
			buildActionMask = 2147483647;
			files = (
				AF8AE1412520C13A00F6E6FE /* LaunchScreen.storyboard in Resources */,
				AF8AE13E2520C13A00F6E6FE /* Assets.xcassets in Resources */,
				AF8AE13C2520C13500F6E6FE /* Main.storyboard in Resources */,
			);
			runOnlyForDeploymentPostprocessing = 0;
		};
/* End PBXResourcesBuildPhase section */

/* Begin PBXSourcesBuildPhase section */
		AF8AE12D2520C13500F6E6FE /* Sources */ = {
			isa = PBXSourcesBuildPhase;
			buildActionMask = 2147483647;
			files = (
				AF8AE1392520C13500F6E6FE /* ViewController.swift in Sources */,
				AF8AE1352520C13500F6E6FE /* AppDelegate.swift in Sources */,
				AF8AE1372520C13500F6E6FE /* SceneDelegate.swift in Sources */,
			);
			runOnlyForDeploymentPostprocessing = 0;
		};
/* End PBXSourcesBuildPhase section */

/* Begin PBXVariantGroup section */
		AF8AE13A2520C13500F6E6FE /* Main.storyboard */ = {
			isa = PBXVariantGroup;
			children = (
				AF8AE13B2520C13500F6E6FE /* Base */,
			);
			name = Main.storyboard;
			sourceTree = "<group>";
		};
		AF8AE13F2520C13A00F6E6FE /* LaunchScreen.storyboard */ = {
			isa = PBXVariantGroup;
			children = (
				AF8AE1402520C13A00F6E6FE /* Base */,
			);
			name = LaunchScreen.storyboard;
			sourceTree = "<group>";
		};
/* End PBXVariantGroup section */

/* Begin XCBuildConfiguration section */
		AF8AE1432520C13A00F6E6FE /* Debug */ = {
			isa = XCBuildConfiguration;
			buildSettings = {
				ALWAYS_SEARCH_USER_PATHS = NO;
				CLANG_ANALYZER_NONNULL = YES;
				CLANG_ANALYZER_NUMBER_OBJECT_CONVERSION = YES_AGGRESSIVE;
				CLANG_CXX_LANGUAGE_STANDARD = "gnu++14";
				CLANG_CXX_LIBRARY = "libc++";
				CLANG_ENABLE_MODULES = YES;
				CLANG_ENABLE_OBJC_ARC = YES;
				CLANG_ENABLE_OBJC_WEAK = YES;
				CLANG_WARN_BLOCK_CAPTURE_AUTORELEASING = YES;
				CLANG_WARN_BOOL_CONVERSION = YES;
				CLANG_WARN_COMMA = YES;
				CLANG_WARN_CONSTANT_CONVERSION = YES;
				CLANG_WARN_DEPRECATED_OBJC_IMPLEMENTATIONS = YES;
				CLANG_WARN_DIRECT_OBJC_ISA_USAGE = YES_ERROR;
				CLANG_WARN_DOCUMENTATION_COMMENTS = YES;
				CLANG_WARN_EMPTY_BODY = YES;
				CLANG_WARN_ENUM_CONVERSION = YES;
				CLANG_WARN_INFINITE_RECURSION = YES;
				CLANG_WARN_INT_CONVERSION = YES;
				CLANG_WARN_NON_LITERAL_NULL_CONVERSION = YES;
				CLANG_WARN_OBJC_IMPLICIT_RETAIN_SELF = YES;
				CLANG_WARN_OBJC_LITERAL_CONVERSION = YES;
				CLANG_WARN_OBJC_ROOT_CLASS = YES_ERROR;
				CLANG_WARN_QUOTED_INCLUDE_IN_FRAMEWORK_HEADER = YES;
				CLANG_WARN_RANGE_LOOP_ANALYSIS = YES;
				CLANG_WARN_STRICT_PROTOTYPES = YES;
				CLANG_WARN_SUSPICIOUS_MOVE = YES;
				CLANG_WARN_UNGUARDED_AVAILABILITY = YES_AGGRESSIVE;
				CLANG_WARN_UNREACHABLE_CODE = YES;
				CLANG_WARN__DUPLICATE_METHOD_MATCH = YES;
				COPY_PHASE_STRIP = NO;
				DEBUG_INFORMATION_FORMAT = dwarf;
				ENABLE_STRICT_OBJC_MSGSEND = YES;
				ENABLE_TESTABILITY = YES;
				GCC_C_LANGUAGE_STANDARD = gnu11;
				GCC_DYNAMIC_NO_PIC = NO;
				GCC_NO_COMMON_BLOCKS = YES;
				GCC_OPTIMIZATION_LEVEL = 0;
				GCC_PREPROCESSOR_DEFINITIONS = (
					"DEBUG=1",
					"$(inherited)",
				);
				GCC_WARN_64_TO_32_BIT_CONVERSION = YES;
				GCC_WARN_ABOUT_RETURN_TYPE = YES_ERROR;
				GCC_WARN_UNDECLARED_SELECTOR = YES;
				GCC_WARN_UNINITIALIZED_AUTOS = YES_AGGRESSIVE;
				GCC_WARN_UNUSED_FUNCTION = YES;
				GCC_WARN_UNUSED_VARIABLE = YES;
				IPHONEOS_DEPLOYMENT_TARGET = 14.2;
				MTL_ENABLE_DEBUG_INFO = INCLUDE_SOURCE;
				MTL_FAST_MATH = YES;
				ONLY_ACTIVE_ARCH = YES;
				SDKROOT = iphoneos;
				SWIFT_ACTIVE_COMPILATION_CONDITIONS = DEBUG;
				SWIFT_OPTIMIZATION_LEVEL = "-Onone";
			};
			name = Debug;
		};
		AF8AE1442520C13A00F6E6FE /* Release */ = {
			isa = XCBuildConfiguration;
			buildSettings = {
				ALWAYS_SEARCH_USER_PATHS = NO;
				CLANG_ANALYZER_NONNULL = YES;
				CLANG_ANALYZER_NUMBER_OBJECT_CONVERSION = YES_AGGRESSIVE;
				CLANG_CXX_LANGUAGE_STANDARD = "gnu++14";
				CLANG_CXX_LIBRARY = "libc++";
				CLANG_ENABLE_MODULES = YES;
				CLANG_ENABLE_OBJC_ARC = YES;
				CLANG_ENABLE_OBJC_WEAK = YES;
				CLANG_WARN_BLOCK_CAPTURE_AUTORELEASING = YES;
				CLANG_WARN_BOOL_CONVERSION = YES;
				CLANG_WARN_COMMA = YES;
				CLANG_WARN_CONSTANT_CONVERSION = YES;
				CLANG_WARN_DEPRECATED_OBJC_IMPLEMENTATIONS = YES;
				CLANG_WARN_DIRECT_OBJC_ISA_USAGE = YES_ERROR;
				CLANG_WARN_DOCUMENTATION_COMMENTS = YES;
				CLANG_WARN_EMPTY_BODY = YES;
				CLANG_WARN_ENUM_CONVERSION = YES;
				CLANG_WARN_INFINITE_RECURSION = YES;
				CLANG_WARN_INT_CONVERSION = YES;
				CLANG_WARN_NON_LITERAL_NULL_CONVERSION = YES;
				CLANG_WARN_OBJC_IMPLICIT_RETAIN_SELF = YES;
				CLANG_WARN_OBJC_LITERAL_CONVERSION = YES;
				CLANG_WARN_OBJC_ROOT_CLASS = YES_ERROR;
				CLANG_WARN_QUOTED_INCLUDE_IN_FRAMEWORK_HEADER = YES;
				CLANG_WARN_RANGE_LOOP_ANALYSIS = YES;
				CLANG_WARN_STRICT_PROTOTYPES = YES;
				CLANG_WARN_SUSPICIOUS_MOVE = YES;
				CLANG_WARN_UNGUARDED_AVAILABILITY = YES_AGGRESSIVE;
				CLANG_WARN_UNREACHABLE_CODE = YES;
				CLANG_WARN__DUPLICATE_METHOD_MATCH = YES;
				COPY_PHASE_STRIP = NO;
				DEBUG_INFORMATION_FORMAT = "dwarf-with-dsym";
				ENABLE_NS_ASSERTIONS = NO;
				ENABLE_STRICT_OBJC_MSGSEND = YES;
				GCC_C_LANGUAGE_STANDARD = gnu11;
				GCC_NO_COMMON_BLOCKS = YES;
				GCC_WARN_64_TO_32_BIT_CONVERSION = YES;
				GCC_WARN_ABOUT_RETURN_TYPE = YES_ERROR;
				GCC_WARN_UNDECLARED_SELECTOR = YES;
				GCC_WARN_UNINITIALIZED_AUTOS = YES_AGGRESSIVE;
				GCC_WARN_UNUSED_FUNCTION = YES;
				GCC_WARN_UNUSED_VARIABLE = YES;
				IPHONEOS_DEPLOYMENT_TARGET = 14.2;
				MTL_ENABLE_DEBUG_INFO = NO;
				MTL_FAST_MATH = YES;
				SDKROOT = iphoneos;
				SWIFT_COMPILATION_MODE = wholemodule;
				SWIFT_OPTIMIZATION_LEVEL = "-O";
				VALIDATE_PRODUCT = YES;
			};
			name = Release;
		};
		AF8AE1462520C13A00F6E6FE /* Debug */ = {
			isa = XCBuildConfiguration;
			buildSettings = {
				ASSETCATALOG_COMPILER_APPICON_NAME = AppIcon;
				ASSETCATALOG_COMPILER_GLOBAL_ACCENT_COLOR_NAME = AccentColor;
				CODE_SIGN_STYLE = Automatic;
				DEVELOPMENT_TEAM = MD32H432SJ;
				INFOPLIST_FILE = WidgetKitSample/Info.plist;
				LD_RUNPATH_SEARCH_PATHS = (
					"$(inherited)",
					"@executable_path/Frameworks",
				);
				PRODUCT_BUNDLE_IDENTIFIER = Geoge.WidgetKitSample;
				PRODUCT_NAME = "$(TARGET_NAME)";
				SWIFT_VERSION = 5.0;
				TARGETED_DEVICE_FAMILY = "1,2";
			};
			name = Debug;
		};
		AF8AE1472520C13A00F6E6FE /* Release */ = {
			isa = XCBuildConfiguration;
			buildSettings = {
				ASSETCATALOG_COMPILER_APPICON_NAME = AppIcon;
				ASSETCATALOG_COMPILER_GLOBAL_ACCENT_COLOR_NAME = AccentColor;
				CODE_SIGN_STYLE = Automatic;
				DEVELOPMENT_TEAM = MD32H432SJ;
				INFOPLIST_FILE = WidgetKitSample/Info.plist;
				LD_RUNPATH_SEARCH_PATHS = (
					"$(inherited)",
					"@executable_path/Frameworks",
				);
				PRODUCT_BUNDLE_IDENTIFIER = Geoge.WidgetKitSample;
				PRODUCT_NAME = "$(TARGET_NAME)";
				SWIFT_VERSION = 5.0;
				TARGETED_DEVICE_FAMILY = "1,2";
			};
			name = Release;
		};
/* End XCBuildConfiguration section */

/* Begin XCConfigurationList section */
		AF8AE12C2520C13500F6E6FE /* Build configuration list for PBXProject "WidgetKitSample" */ = {
			isa = XCConfigurationList;
			buildConfigurations = (
				AF8AE1432520C13A00F6E6FE /* Debug */,
				AF8AE1442520C13A00F6E6FE /* Release */,
			);
			defaultConfigurationIsVisible = 0;
			defaultConfigurationName = Release;
		};
		AF8AE1452520C13A00F6E6FE /* Build configuration list for PBXNativeTarget "WidgetKitSample" */ = {
			isa = XCConfigurationList;
			buildConfigurations = (
				AF8AE1462520C13A00F6E6FE /* Debug */,
				AF8AE1472520C13A00F6E6FE /* Release */,
			);
			defaultConfigurationIsVisible = 0;
			defaultConfigurationName = Release;
		};
/* End XCConfigurationList section */
	};
	rootObject = AF8AE1292520C13500F6E6FE /* Project object */;
}
